
Microsoft Visual Studio Solution File, Format Version 12.00
# Visual Studio 15
VisualStudioVersion = 15.0.28307.271
MinimumVisualStudioVersion = 10.0.40219.1
Project("{888888A0-9F3D-457C-B088-3A5042F75D52}") = "first_website1", "first_website1.pyproj", "{B89B4888-E768-41E8-9720-CEFC310F5B9F}"
EndProject
Global
	GlobalSection(SolutionConfigurationPlatforms) = preSolution
		Debug|Any CPU = Debug|Any CPU
		Release|Any CPU = Release|Any CPU
	EndGlobalSection
	GlobalSection(ProjectConfigurationPlatforms) = postSolution
		{B89B4888-E768-41E8-9720-CEFC310F5B9F}.Debug|Any CPU.ActiveCfg = Debug|Any CPU
		{B89B4888-E768-41E8-9720-CEFC310F5B9F}.Debug|Any CPU.Build.0 = Debug|Any CPU
		{B89B4888-E768-41E8-9720-CEFC310F5B9F}.Release|Any CPU.ActiveCfg = Release|Any CPU
		{B89B4888-E768-41E8-9720-CEFC310F5B9F}.Release|Any CPU.Build.0 = Release|Any CPU
	EndGlobalSection
	GlobalSection(SolutionProperties) = preSolution
		HideSolutionNode = FALSE
	EndGlobalSection
	GlobalSection(ExtensibilityGlobals) = postSolution
		SolutionGuid = {AECB33D8-2A66-4E82-BB5A-AC911D882A01}
	EndGlobalSection
EndGlobal
